
Microsoft Visual Studio Solution File, Format Version 12.00
# Visual Studio Version 17
VisualStudioVersion = 17.1.32421.90
MinimumVisualStudioVersion = 10.0.40219.1
Project("{FAE04EC0-301F-11D3-BF4B-00C04F79EFBC}") = "Work_Out", "Work_Out\Work_Out.csproj", "{AFE5AAA9-A4C4-4C9E-9CAA-66F85F5661B4}"
EndProject
Global
	GlobalSection(SolutionConfigurationPlatforms) = preSolution
		Debug|Any CPU = Debug|Any CPU
		Release|Any CPU = Release|Any CPU
	EndGlobalSection
	GlobalSection(ProjectConfigurationPlatforms) = postSolution
		{AFE5AAA9-A4C4-4C9E-9CAA-66F85F5661B4}.Debug|Any CPU.ActiveCfg = Debug|Any CPU
		{AFE5AAA9-A4C4-4C9E-9CAA-66F85F5661B4}.Debug|Any CPU.Build.0 = Debug|Any CPU
		{AFE5AAA9-A4C4-4C9E-9CAA-66F85F5661B4}.Release|Any CPU.ActiveCfg = Release|Any CPU
		{AFE5AAA9-A4C4-4C9E-9CAA-66F85F5661B4}.Release|Any CPU.Build.0 = Release|Any CPU
	EndGlobalSection
	GlobalSection(SolutionProperties) = preSolution
		HideSolutionNode = FALSE
	EndGlobalSection
	GlobalSection(ExtensibilityGlobals) = postSolution
		SolutionGuid = {C13F1F9C-1F7D-409C-A3D2-CB621F514098}
	EndGlobalSection
EndGlobal
